// !$*UTF8*$!
{
	archiveVersion = 1;
	classes = {
	};
	objectVersion = 46;
	objects = {

/* Begin PBXBuildFile section */
		18A78C471862C8B4008C2A6F /* Foundation.framework in Frameworks */ = {isa = PBXBuildFile; fileRef = 18A78C461862C8B4008C2A6F /* Foundation.framework */; };
		18A78C491862C8B4008C2A6F /* CoreGraphics.framework in Frameworks */ = {isa = PBXBuildFile; fileRef = 18A78C481862C8B4008C2A6F /* CoreGraphics.framework */; };
		18A78C4B1862C8B4008C2A6F /* UIKit.framework in Frameworks */ = {isa = PBXBuildFile; fileRef = 18A78C4A1862C8B4008C2A6F /* UIKit.framework */; };
		18A78C511862C8B4008C2A6F /* InfoPlist.strings in Resources */ = {isa = PBXBuildFile; fileRef = 18A78C4F1862C8B4008C2A6F /* InfoPlist.strings */; };
		18A78C531862C8B4008C2A6F /* main.m in Sources */ = {isa = PBXBuildFile; fileRef = 18A78C521862C8B4008C2A6F /* main.m */; };
		18A78C571862C8B4008C2A6F /* AppDelegate.m in Sources */ = {isa = PBXBuildFile; fileRef = 18A78C561862C8B4008C2A6F /* AppDelegate.m */; };
		18A78C5A1862C8B4008C2A6F /* Main_iPhone.storyboard in Resources */ = {isa = PBXBuildFile; fileRef = 18A78C581862C8B4008C2A6F /* Main_iPhone.storyboard */; };
		18A78C5D1862C8B4008C2A6F /* Main_iPad.storyboard in Resources */ = {isa = PBXBuildFile; fileRef = 18A78C5B1862C8B4008C2A6F /* Main_iPad.storyboard */; };
		18A78C601862C8B4008C2A6F /* ViewController.m in Sources */ = {isa = PBXBuildFile; fileRef = 18A78C5F1862C8B4008C2A6F /* ViewController.m */; };
		18A78C621862C8B4008C2A6F /* Images.xcassets in Resources */ = {isa = PBXBuildFile; fileRef = 18A78C611862C8B4008C2A6F /* Images.xcassets */; };
		18A78C691862C8B4008C2A6F /* XCTest.framework in Frameworks */ = {isa = PBXBuildFile; fileRef = 18A78C681862C8B4008C2A6F /* XCTest.framework */; };
		18A78C6A1862C8B4008C2A6F /* Foundation.framework in Frameworks */ = {isa = PBXBuildFile; fileRef = 18A78C461862C8B4008C2A6F /* Foundation.framework */; };
		18A78C6B1862C8B4008C2A6F /* UIKit.framework in Frameworks */ = {isa = PBXBuildFile; fileRef = 18A78C4A1862C8B4008C2A6F /* UIKit.framework */; };
		18A78C731862C8B4008C2A6F /* InfoPlist.strings in Resources */ = {isa = PBXBuildFile; fileRef = 18A78C711862C8B4008C2A6F /* InfoPlist.strings */; };
		18A78C751862C8B4008C2A6F /* MovieApiTests.m in Sources */ = {isa = PBXBuildFile; fileRef = 18A78C741862C8B4008C2A6F /* MovieApiTests.m */; };
		18A78C821862CD73008C2A6F /* ReachabilityManager.m in Sources */ = {isa = PBXBuildFile; fileRef = 18A78C7F1862CD73008C2A6F /* ReachabilityManager.m */; };
		18A78C831862CD73008C2A6F /* Reachability.m in Sources */ = {isa = PBXBuildFile; fileRef = 18A78C801862CD73008C2A6F /* Reachability.m */; };
		18A78C871862CDA0008C2A6F /* LocalObject.m in Sources */ = {isa = PBXBuildFile; fileRef = 18A78C861862CDA0008C2A6F /* LocalObject.m */; };
		18A78C8B1862CEF0008C2A6F /* SystemConfiguration.framework in Frameworks */ = {isa = PBXBuildFile; fileRef = 18A78C8A1862CEF0008C2A6F /* SystemConfiguration.framework */; };
		18A78C8D1862CF02008C2A6F /* CFNetwork.framework in Frameworks */ = {isa = PBXBuildFile; fileRef = 18A78C8C1862CF02008C2A6F /* CFNetwork.framework */; };
		18A78CA21862CFCF008C2A6F /* AFHTTPRequestOperation.m in Sources */ = {isa = PBXBuildFile; fileRef = 18A78C901862CFCE008C2A6F /* AFHTTPRequestOperation.m */; };
		18A78CA31862CFCF008C2A6F /* AFHTTPRequestOperationManager.m in Sources */ = {isa = PBXBuildFile; fileRef = 18A78C921862CFCE008C2A6F /* AFHTTPRequestOperationManager.m */; };
		18A78CA41862CFCF008C2A6F /* AFHTTPSessionManager.m in Sources */ = {isa = PBXBuildFile; fileRef = 18A78C941862CFCF008C2A6F /* AFHTTPSessionManager.m */; };
		18A78CA51862CFCF008C2A6F /* AFNetworkReachabilityManager.m in Sources */ = {isa = PBXBuildFile; fileRef = 18A78C971862CFCF008C2A6F /* AFNetworkReachabilityManager.m */; };
		18A78CA61862CFCF008C2A6F /* AFSecurityPolicy.m in Sources */ = {isa = PBXBuildFile; fileRef = 18A78C991862CFCF008C2A6F /* AFSecurityPolicy.m */; };
		18A78CA71862CFCF008C2A6F /* AFURLConnectionOperation.m in Sources */ = {isa = PBXBuildFile; fileRef = 18A78C9B1862CFCF008C2A6F /* AFURLConnectionOperation.m */; };
		18A78CA81862CFCF008C2A6F /* AFURLRequestSerialization.m in Sources */ = {isa = PBXBuildFile; fileRef = 18A78C9D1862CFCF008C2A6F /* AFURLRequestSerialization.m */; };
		18A78CA91862CFCF008C2A6F /* AFURLResponseSerialization.m in Sources */ = {isa = PBXBuildFile; fileRef = 18A78C9F1862CFCF008C2A6F /* AFURLResponseSerialization.m */; };
		18A78CAA1862CFCF008C2A6F /* AFURLSessionManager.m in Sources */ = {isa = PBXBuildFile; fileRef = 18A78CA11862CFCF008C2A6F /* AFURLSessionManager.m */; };
		18A78CAD1862D067008C2A6F /* DataSingleton.m in Sources */ = {isa = PBXBuildFile; fileRef = 18A78CAC1862D067008C2A6F /* DataSingleton.m */; };
/* End PBXBuildFile section */

/* Begin PBXContainerItemProxy section */
		18A78C6C1862C8B4008C2A6F /* PBXContainerItemProxy */ = {
			isa = PBXContainerItemProxy;
			containerPortal = 18A78C3B1862C8B4008C2A6F /* Project object */;
			proxyType = 1;
			remoteGlobalIDString = 18A78C421862C8B4008C2A6F;
			remoteInfo = MovieApi;
		};
/* End PBXContainerItemProxy section */

/* Begin PBXFileReference section */
		18A78C431862C8B4008C2A6F /* MovieApi.app */ = {isa = PBXFileReference; explicitFileType = wrapper.application; includeInIndex = 0; path = MovieApi.app; sourceTree = BUILT_PRODUCTS_DIR; };
		18A78C461862C8B4008C2A6F /* Foundation.framework */ = {isa = PBXFileReference; lastKnownFileType = wrapper.framework; name = Foundation.framework; path = System/Library/Frameworks/Foundation.framework; sourceTree = SDKROOT; };
		18A78C481862C8B4008C2A6F /* CoreGraphics.framework */ = {isa = PBXFileReference; lastKnownFileType = wrapper.framework; name = CoreGraphics.framework; path = System/Library/Frameworks/CoreGraphics.framework; sourceTree = SDKROOT; };
		18A78C4A1862C8B4008C2A6F /* UIKit.framework */ = {isa = PBXFileReference; lastKnownFileType = wrapper.framework; name = UIKit.framework; path = System/Library/Frameworks/UIKit.framework; sourceTree = SDKROOT; };
		18A78C4E1862C8B4008C2A6F /* MovieApi-Info.plist */ = {isa = PBXFileReference; lastKnownFileType = text.plist.xml; path = "MovieApi-Info.plist"; sourceTree = "<group>"; };
		18A78C501862C8B4008C2A6F /* en */ = {isa = PBXFileReference; lastKnownFileType = text.plist.strings; name = en; path = en.lproj/InfoPlist.strings; sourceTree = "<group>"; };
		18A78C521862C8B4008C2A6F /* main.m */ = {isa = PBXFileReference; lastKnownFileType = sourcecode.c.objc; path = main.m; sourceTree = "<group>"; };
		18A78C541862C8B4008C2A6F /* MovieApi-Prefix.pch */ = {isa = PBXFileReference; lastKnownFileType = sourcecode.c.h; path = "MovieApi-Prefix.pch"; sourceTree = "<group>"; };
		18A78C551862C8B4008C2A6F /* AppDelegate.h */ = {isa = PBXFileReference; lastKnownFileType = sourcecode.c.h; path = AppDelegate.h; sourceTree = "<group>"; };
		18A78C561862C8B4008C2A6F /* AppDelegate.m */ = {isa = PBXFileReference; lastKnownFileType = sourcecode.c.objc; path = AppDelegate.m; sourceTree = "<group>"; };
		18A78C591862C8B4008C2A6F /* Base */ = {isa = PBXFileReference; lastKnownFileType = file.storyboard; name = Base; path = Base.lproj/Main_iPhone.storyboard; sourceTree = "<group>"; };
		18A78C5C1862C8B4008C2A6F /* Base */ = {isa = PBXFileReference; lastKnownFileType = file.storyboard; name = Base; path = Base.lproj/Main_iPad.storyboard; sourceTree = "<group>"; };
		18A78C5E1862C8B4008C2A6F /* ViewController.h */ = {isa = PBXFileReference; lastKnownFileType = sourcecode.c.h; path = ViewController.h; sourceTree = "<group>"; };
		18A78C5F1862C8B4008C2A6F /* ViewController.m */ = {isa = PBXFileReference; lastKnownFileType = sourcecode.c.objc; path = ViewController.m; sourceTree = "<group>"; };
		18A78C611862C8B4008C2A6F /* Images.xcassets */ = {isa = PBXFileReference; lastKnownFileType = folder.assetcatalog; path = Images.xcassets; sourceTree = "<group>"; };
		18A78C671862C8B4008C2A6F /* MovieApiTests.xctest */ = {isa = PBXFileReference; explicitFileType = wrapper.cfbundle; includeInIndex = 0; path = MovieApiTests.xctest; sourceTree = BUILT_PRODUCTS_DIR; };
		18A78C681862C8B4008C2A6F /* XCTest.framework */ = {isa = PBXFileReference; lastKnownFileType = wrapper.framework; name = XCTest.framework; path = Library/Frameworks/XCTest.framework; sourceTree = DEVELOPER_DIR; };
		18A78C701862C8B4008C2A6F /* MovieApiTests-Info.plist */ = {isa = PBXFileReference; lastKnownFileType = text.plist.xml; path = "MovieApiTests-Info.plist"; sourceTree = "<group>"; };
		18A78C721862C8B4008C2A6F /* en */ = {isa = PBXFileReference; lastKnownFileType = text.plist.strings; name = en; path = en.lproj/InfoPlist.strings; sourceTree = "<group>"; };
		18A78C741862C8B4008C2A6F /* MovieApiTests.m */ = {isa = PBXFileReference; lastKnownFileType = sourcecode.c.objc; path = MovieApiTests.m; sourceTree = "<group>"; };
		18A78C7E1862CD73008C2A6F /* ReachabilityManager.h */ = {isa = PBXFileReference; fileEncoding = 4; lastKnownFileType = sourcecode.c.h; path = ReachabilityManager.h; sourceTree = "<group>"; };
		18A78C7F1862CD73008C2A6F /* ReachabilityManager.m */ = {isa = PBXFileReference; fileEncoding = 4; lastKnownFileType = sourcecode.c.objc; path = ReachabilityManager.m; sourceTree = "<group>"; };
		18A78C801862CD73008C2A6F /* Reachability.m */ = {isa = PBXFileReference; fileEncoding = 4; lastKnownFileType = sourcecode.c.objc; path = Reachability.m; sourceTree = "<group>"; };
		18A78C811862CD73008C2A6F /* Reachability.h */ = {isa = PBXFileReference; fileEncoding = 4; lastKnownFileType = sourcecode.c.h; path = Reachability.h; sourceTree = "<group>"; };
		18A78C851862CDA0008C2A6F /* LocalObject.h */ = {isa = PBXFileReference; fileEncoding = 4; lastKnownFileType = sourcecode.c.h; path = LocalObject.h; sourceTree = "<group>"; };
		18A78C861862CDA0008C2A6F /* LocalObject.m */ = {isa = PBXFileReference; fileEncoding = 4; lastKnownFileType = sourcecode.c.objc; path = LocalObject.m; sourceTree = "<group>"; };
		18A78C8A1862CEF0008C2A6F /* SystemConfiguration.framework */ = {isa = PBXFileReference; lastKnownFileType = wrapper.framework; name = SystemConfiguration.framework; path = System/Library/Frameworks/SystemConfiguration.framework; sourceTree = SDKROOT; };
		18A78C8C1862CF02008C2A6F /* CFNetwork.framework */ = {isa = PBXFileReference; lastKnownFileType = wrapper.framework; name = CFNetwork.framework; path = System/Library/Frameworks/CFNetwork.framework; sourceTree = SDKROOT; };
		18A78C8F1862CFCE008C2A6F /* AFHTTPRequestOperation.h */ = {isa = PBXFileReference; fileEncoding = 4; lastKnownFileType = sourcecode.c.h; path = AFHTTPRequestOperation.h; sourceTree = "<group>"; };
		18A78C901862CFCE008C2A6F /* AFHTTPRequestOperation.m */ = {isa = PBXFileReference; fileEncoding = 4; lastKnownFileType = sourcecode.c.objc; path = AFHTTPRequestOperation.m; sourceTree = "<group>"; };
		18A78C911862CFCE008C2A6F /* AFHTTPRequestOperationManager.h */ = {isa = PBXFileReference; fileEncoding = 4; lastKnownFileType = sourcecode.c.h; path = AFHTTPRequestOperationManager.h; sourceTree = "<group>"; };
		18A78C921862CFCE008C2A6F /* AFHTTPRequestOperationManager.m */ = {isa = PBXFileReference; fileEncoding = 4; lastKnownFileType = sourcecode.c.objc; path = AFHTTPRequestOperationManager.m; sourceTree = "<group>"; };
		18A78C931862CFCE008C2A6F /* AFHTTPSessionManager.h */ = {isa = PBXFileReference; fileEncoding = 4; lastKnownFileType = sourcecode.c.h; path = AFHTTPSessionManager.h; sourceTree = "<group>"; };
		18A78C941862CFCF008C2A6F /* AFHTTPSessionManager.m */ = {isa = PBXFileReference; fileEncoding = 4; lastKnownFileType = sourcecode.c.objc; path = AFHTTPSessionManager.m; sourceTree = "<group>"; };
		18A78C951862CFCF008C2A6F /* AFNetworking.h */ = {isa = PBXFileReference; fileEncoding = 4; lastKnownFileType = sourcecode.c.h; path = AFNetworking.h; sourceTree = "<group>"; };
		18A78C961862CFCF008C2A6F /* AFNetworkReachabilityManager.h */ = {isa = PBXFileReference; fileEncoding = 4; lastKnownFileType = sourcecode.c.h; path = AFNetworkReachabilityManager.h; sourceTree = "<group>"; };
		18A78C971862CFCF008C2A6F /* AFNetworkReachabilityManager.m */ = {isa = PBXFileReference; fileEncoding = 4; lastKnownFileType = sourcecode.c.objc; path = AFNetworkReachabilityManager.m; sourceTree = "<group>"; };
		18A78C981862CFCF008C2A6F /* AFSecurityPolicy.h */ = {isa = PBXFileReference; fileEncoding = 4; lastKnownFileType = sourcecode.c.h; path = AFSecurityPolicy.h; sourceTree = "<group>"; };
		18A78C991862CFCF008C2A6F /* AFSecurityPolicy.m */ = {isa = PBXFileReference; fileEncoding = 4; lastKnownFileType = sourcecode.c.objc; path = AFSecurityPolicy.m; sourceTree = "<group>"; };
		18A78C9A1862CFCF008C2A6F /* AFURLConnectionOperation.h */ = {isa = PBXFileReference; fileEncoding = 4; lastKnownFileType = sourcecode.c.h; path = AFURLConnectionOperation.h; sourceTree = "<group>"; };
		18A78C9B1862CFCF008C2A6F /* AFURLConnectionOperation.m */ = {isa = PBXFileReference; fileEncoding = 4; lastKnownFileType = sourcecode.c.objc; path = AFURLConnectionOperation.m; sourceTree = "<group>"; };
		18A78C9C1862CFCF008C2A6F /* AFURLRequestSerialization.h */ = {isa = PBXFileReference; fileEncoding = 4; lastKnownFileType = sourcecode.c.h; path = AFURLRequestSerialization.h; sourceTree = "<group>"; };
		18A78C9D1862CFCF008C2A6F /* AFURLRequestSerialization.m */ = {isa = PBXFileReference; fileEncoding = 4; lastKnownFileType = sourcecode.c.objc; path = AFURLRequestSerialization.m; sourceTree = "<group>"; };
		18A78C9E1862CFCF008C2A6F /* AFURLResponseSerialization.h */ = {isa = PBXFileReference; fileEncoding = 4; lastKnownFileType = sourcecode.c.h; path = AFURLResponseSerialization.h; sourceTree = "<group>"; };
		18A78C9F1862CFCF008C2A6F /* AFURLResponseSerialization.m */ = {isa = PBXFileReference; fileEncoding = 4; lastKnownFileType = sourcecode.c.objc; path = AFURLResponseSerialization.m; sourceTree = "<group>"; };
		18A78CA01862CFCF008C2A6F /* AFURLSessionManager.h */ = {isa = PBXFileReference; fileEncoding = 4; lastKnownFileType = sourcecode.c.h; path = AFURLSessionManager.h; sourceTree = "<group>"; };
		18A78CA11862CFCF008C2A6F /* AFURLSessionManager.m */ = {isa = PBXFileReference; fileEncoding = 4; lastKnownFileType = sourcecode.c.objc; path = AFURLSessionManager.m; sourceTree = "<group>"; };
		18A78CAB1862D067008C2A6F /* DataSingleton.h */ = {isa = PBXFileReference; fileEncoding = 4; lastKnownFileType = sourcecode.c.h; path = DataSingleton.h; sourceTree = "<group>"; };
		18A78CAC1862D067008C2A6F /* DataSingleton.m */ = {isa = PBXFileReference; fileEncoding = 4; lastKnownFileType = sourcecode.c.objc; path = DataSingleton.m; sourceTree = "<group>"; };
/* End PBXFileReference section */

/* Begin PBXFrameworksBuildPhase section */
		18A78C401862C8B4008C2A6F /* Frameworks */ = {
			isa = PBXFrameworksBuildPhase;
			buildActionMask = 2147483647;
			files = (
				18A78C8D1862CF02008C2A6F /* CFNetwork.framework in Frameworks */,
				18A78C8B1862CEF0008C2A6F /* SystemConfiguration.framework in Frameworks */,
				18A78C491862C8B4008C2A6F /* CoreGraphics.framework in Frameworks */,
				18A78C4B1862C8B4008C2A6F /* UIKit.framework in Frameworks */,
				18A78C471862C8B4008C2A6F /* Foundation.framework in Frameworks */,
			);
			runOnlyForDeploymentPostprocessing = 0;
		};
		18A78C641862C8B4008C2A6F /* Frameworks */ = {
			isa = PBXFrameworksBuildPhase;
			buildActionMask = 2147483647;
			files = (
				18A78C691862C8B4008C2A6F /* XCTest.framework in Frameworks */,
				18A78C6B1862C8B4008C2A6F /* UIKit.framework in Frameworks */,
				18A78C6A1862C8B4008C2A6F /* Foundation.framework in Frameworks */,
			);
			runOnlyForDeploymentPostprocessing = 0;
		};
/* End PBXFrameworksBuildPhase section */

/* Begin PBXGroup section */
		18A78C3A1862C8B4008C2A6F = {
			isa = PBXGroup;
			children = (
				18A78C4C1862C8B4008C2A6F /* MovieApi */,
				18A78C6E1862C8B4008C2A6F /* MovieApiTests */,
				18A78C451862C8B4008C2A6F /* Frameworks */,
				18A78C441862C8B4008C2A6F /* Products */,
			);
			sourceTree = "<group>";
		};
		18A78C441862C8B4008C2A6F /* Products */ = {
			isa = PBXGroup;
			children = (
				18A78C431862C8B4008C2A6F /* MovieApi.app */,
				18A78C671862C8B4008C2A6F /* MovieApiTests.xctest */,
			);
			name = Products;
			sourceTree = "<group>";
		};
		18A78C451862C8B4008C2A6F /* Frameworks */ = {
			isa = PBXGroup;
			children = (
				18A78C8C1862CF02008C2A6F /* CFNetwork.framework */,
				18A78C8A1862CEF0008C2A6F /* SystemConfiguration.framework */,
				18A78C461862C8B4008C2A6F /* Foundation.framework */,
				18A78C481862C8B4008C2A6F /* CoreGraphics.framework */,
				18A78C4A1862C8B4008C2A6F /* UIKit.framework */,
				18A78C681862C8B4008C2A6F /* XCTest.framework */,
			);
			name = Frameworks;
			sourceTree = "<group>";
		};
		18A78C4C1862C8B4008C2A6F /* MovieApi */ = {
			isa = PBXGroup;
			children = (
				18A78C841862CD7B008C2A6F /* GeneralTool */,
				18A78C551862C8B4008C2A6F /* AppDelegate.h */,
				18A78C561862C8B4008C2A6F /* AppDelegate.m */,
				18A78C5E1862C8B4008C2A6F /* ViewController.h */,
				18A78C5F1862C8B4008C2A6F /* ViewController.m */,
				18A78CAB1862D067008C2A6F /* DataSingleton.h */,
				18A78CAC1862D067008C2A6F /* DataSingleton.m */,
				18A78C581862C8B4008C2A6F /* Main_iPhone.storyboard */,
				18A78C5B1862C8B4008C2A6F /* Main_iPad.storyboard */,
				18A78C611862C8B4008C2A6F /* Images.xcassets */,
				18A78C4D1862C8B4008C2A6F /* Supporting Files */,
			);
			path = MovieApi;
			sourceTree = "<group>";
		};
		18A78C4D1862C8B4008C2A6F /* Supporting Files */ = {
			isa = PBXGroup;
			children = (
				18A78C4E1862C8B4008C2A6F /* MovieApi-Info.plist */,
				18A78C4F1862C8B4008C2A6F /* InfoPlist.strings */,
				18A78C521862C8B4008C2A6F /* main.m */,
				18A78C541862C8B4008C2A6F /* MovieApi-Prefix.pch */,
			);
			name = "Supporting Files";
			sourceTree = "<group>";
		};
		18A78C6E1862C8B4008C2A6F /* MovieApiTests */ = {
			isa = PBXGroup;
			children = (
				18A78C741862C8B4008C2A6F /* MovieApiTests.m */,
				18A78C6F1862C8B4008C2A6F /* Supporting Files */,
			);
			path = MovieApiTests;
			sourceTree = "<group>";
		};
		18A78C6F1862C8B4008C2A6F /* Supporting Files */ = {
			isa = PBXGroup;
			children = (
				18A78C701862C8B4008C2A6F /* MovieApiTests-Info.plist */,
				18A78C711862C8B4008C2A6F /* InfoPlist.strings */,
			);
			name = "Supporting Files";
			sourceTree = "<group>";
		};
		18A78C841862CD7B008C2A6F /* GeneralTool */ = {
			isa = PBXGroup;
			children = (
				18A78C891862CDB0008C2A6F /* Localize */,
				18A78C881862CDA7008C2A6F /* Rechability */,
				18A78C8E1862CFCE008C2A6F /* AFNetworking */,
			);
			name = GeneralTool;
			sourceTree = "<group>";
		};
		18A78C881862CDA7008C2A6F /* Rechability */ = {
			isa = PBXGroup;
			children = (
				18A78C7E1862CD73008C2A6F /* ReachabilityManager.h */,
				18A78C7F1862CD73008C2A6F /* ReachabilityManager.m */,
				18A78C801862CD73008C2A6F /* Reachability.m */,
				18A78C811862CD73008C2A6F /* Reachability.h */,
			);
			name = Rechability;
			sourceTree = "<group>";
		};
		18A78C891862CDB0008C2A6F /* Localize */ = {
			isa = PBXGroup;
			children = (
				18A78C851862CDA0008C2A6F /* LocalObject.h */,
				18A78C861862CDA0008C2A6F /* LocalObject.m */,
			);
			name = Localize;
			sourceTree = "<group>";
		};
		18A78C8E1862CFCE008C2A6F /* AFNetworking */ = {
			isa = PBXGroup;
			children = (
				18A78C8F1862CFCE008C2A6F /* AFHTTPRequestOperation.h */,
				18A78C901862CFCE008C2A6F /* AFHTTPRequestOperation.m */,
				18A78C911862CFCE008C2A6F /* AFHTTPRequestOperationManager.h */,
				18A78C921862CFCE008C2A6F /* AFHTTPRequestOperationManager.m */,
				18A78C931862CFCE008C2A6F /* AFHTTPSessionManager.h */,
				18A78C941862CFCF008C2A6F /* AFHTTPSessionManager.m */,
				18A78C951862CFCF008C2A6F /* AFNetworking.h */,
				18A78C961862CFCF008C2A6F /* AFNetworkReachabilityManager.h */,
				18A78C971862CFCF008C2A6F /* AFNetworkReachabilityManager.m */,
				18A78C981862CFCF008C2A6F /* AFSecurityPolicy.h */,
				18A78C991862CFCF008C2A6F /* AFSecurityPolicy.m */,
				18A78C9A1862CFCF008C2A6F /* AFURLConnectionOperation.h */,
				18A78C9B1862CFCF008C2A6F /* AFURLConnectionOperation.m */,
				18A78C9C1862CFCF008C2A6F /* AFURLRequestSerialization.h */,
				18A78C9D1862CFCF008C2A6F /* AFURLRequestSerialization.m */,
				18A78C9E1862CFCF008C2A6F /* AFURLResponseSerialization.h */,
				18A78C9F1862CFCF008C2A6F /* AFURLResponseSerialization.m */,
				18A78CA01862CFCF008C2A6F /* AFURLSessionManager.h */,
				18A78CA11862CFCF008C2A6F /* AFURLSessionManager.m */,
			);
			path = AFNetworking;
			sourceTree = "<group>";
		};
/* End PBXGroup section */

/* Begin PBXNativeTarget section */
		18A78C421862C8B4008C2A6F /* MovieApi */ = {
			isa = PBXNativeTarget;
			buildConfigurationList = 18A78C781862C8B4008C2A6F /* Build configuration list for PBXNativeTarget "MovieApi" */;
			buildPhases = (
				18A78C3F1862C8B4008C2A6F /* Sources */,
				18A78C401862C8B4008C2A6F /* Frameworks */,
				18A78C411862C8B4008C2A6F /* Resources */,
			);
			buildRules = (
			);
			dependencies = (
			);
			name = MovieApi;
			productName = MovieApi;
			productReference = 18A78C431862C8B4008C2A6F /* MovieApi.app */;
			productType = "com.apple.product-type.application";
		};
		18A78C661862C8B4008C2A6F /* MovieApiTests */ = {
			isa = PBXNativeTarget;
			buildConfigurationList = 18A78C7B1862C8B4008C2A6F /* Build configuration list for PBXNativeTarget "MovieApiTests" */;
			buildPhases = (
				18A78C631862C8B4008C2A6F /* Sources */,
				18A78C641862C8B4008C2A6F /* Frameworks */,
				18A78C651862C8B4008C2A6F /* Resources */,
			);
			buildRules = (
			);
			dependencies = (
				18A78C6D1862C8B4008C2A6F /* PBXTargetDependency */,
			);
			name = MovieApiTests;
			productName = MovieApiTests;
			productReference = 18A78C671862C8B4008C2A6F /* MovieApiTests.xctest */;
			productType = "com.apple.product-type.bundle.unit-test";
		};
/* End PBXNativeTarget section */

/* Begin PBXProject section */
		18A78C3B1862C8B4008C2A6F /* Project object */ = {
			isa = PBXProject;
			attributes = {
				LastUpgradeCheck = 0500;
				ORGANIZATIONNAME = "Ian Fan";
				TargetAttributes = {
					18A78C661862C8B4008C2A6F = {
						TestTargetID = 18A78C421862C8B4008C2A6F;
					};
				};
			};
			buildConfigurationList = 18A78C3E1862C8B4008C2A6F /* Build configuration list for PBXProject "MovieApi" */;
			compatibilityVersion = "Xcode 3.2";
			developmentRegion = English;
			hasScannedForEncodings = 0;
			knownRegions = (
				en,
				Base,
			);
			mainGroup = 18A78C3A1862C8B4008C2A6F;
			productRefGroup = 18A78C441862C8B4008C2A6F /* Products */;
			projectDirPath = "";
			projectRoot = "";
			targets = (
				18A78C421862C8B4008C2A6F /* MovieApi */,
				18A78C661862C8B4008C2A6F /* MovieApiTests */,
			);
		};
/* End PBXProject section */

/* Begin PBXResourcesBuildPhase section */
		18A78C411862C8B4008C2A6F /* Resources */ = {
			isa = PBXResourcesBuildPhase;
			buildActionMask = 2147483647;
			files = (
				18A78C5D1862C8B4008C2A6F /* Main_iPad.storyboard in Resources */,
				18A78C621862C8B4008C2A6F /* Images.xcassets in Resources */,
				18A78C5A1862C8B4008C2A6F /* Main_iPhone.storyboard in Resources */,
				18A78C511862C8B4008C2A6F /* InfoPlist.strings in Resources */,
			);
			runOnlyForDeploymentPostprocessing = 0;
		};
		18A78C651862C8B4008C2A6F /* Resources */ = {
			isa = PBXResourcesBuildPhase;
			buildActionMask = 2147483647;
			files = (
				18A78C731862C8B4008C2A6F /* InfoPlist.strings in Resources */,
			);
			runOnlyForDeploymentPostprocessing = 0;
		};
/* End PBXResourcesBuildPhase section */

/* Begin PBXSourcesBuildPhase section */
		18A78C3F1862C8B4008C2A6F /* Sources */ = {
			isa = PBXSourcesBuildPhase;
			buildActionMask = 2147483647;
			files = (
				18A78CAA1862CFCF008C2A6F /* AFURLSessionManager.m in Sources */,
				18A78C871862CDA0008C2A6F /* LocalObject.m in Sources */,
				18A78C821862CD73008C2A6F /* ReachabilityManager.m in Sources */,
				18A78CA51862CFCF008C2A6F /* AFNetworkReachabilityManager.m in Sources */,
				18A78C601862C8B4008C2A6F /* ViewController.m in Sources */,
				18A78CA71862CFCF008C2A6F /* AFURLConnectionOperation.m in Sources */,
				18A78CA41862CFCF008C2A6F /* AFHTTPSessionManager.m in Sources */,
				18A78CAD1862D067008C2A6F /* DataSingleton.m in Sources */,
				18A78CA81862CFCF008C2A6F /* AFURLRequestSerialization.m in Sources */,
				18A78C571862C8B4008C2A6F /* AppDelegate.m in Sources */,
				18A78C531862C8B4008C2A6F /* main.m in Sources */,
				18A78C831862CD73008C2A6F /* Reachability.m in Sources */,
				18A78CA31862CFCF008C2A6F /* AFHTTPRequestOperationManager.m in Sources */,
				18A78CA61862CFCF008C2A6F /* AFSecurityPolicy.m in Sources */,
				18A78CA91862CFCF008C2A6F /* AFURLResponseSerialization.m in Sources */,
				18A78CA21862CFCF008C2A6F /* AFHTTPRequestOperation.m in Sources */,
			);
			runOnlyForDeploymentPostprocessing = 0;
		};
		18A78C631862C8B4008C2A6F /* Sources */ = {
			isa = PBXSourcesBuildPhase;
			buildActionMask = 2147483647;
			files = (
				18A78C751862C8B4008C2A6F /* MovieApiTests.m in Sources */,
			);
			runOnlyForDeploymentPostprocessing = 0;
		};
/* End PBXSourcesBuildPhase section */

/* Begin PBXTargetDependency section */
		18A78C6D1862C8B4008C2A6F /* PBXTargetDependency */ = {
			isa = PBXTargetDependency;
			target = 18A78C421862C8B4008C2A6F /* MovieApi */;
			targetProxy = 18A78C6C1862C8B4008C2A6F /* PBXContainerItemProxy */;
		};
/* End PBXTargetDependency section */

/* Begin PBXVariantGroup section */
		18A78C4F1862C8B4008C2A6F /* InfoPlist.strings */ = {
			isa = PBXVariantGroup;
			children = (
				18A78C501862C8B4008C2A6F /* en */,
			);
			name = InfoPlist.strings;
			sourceTree = "<group>";
		};
		18A78C581862C8B4008C2A6F /* Main_iPhone.storyboard */ = {
			isa = PBXVariantGroup;
			children = (
				18A78C591862C8B4008C2A6F /* Base */,
			);
			name = Main_iPhone.storyboard;
			sourceTree = "<group>";
		};
		18A78C5B1862C8B4008C2A6F /* Main_iPad.storyboard */ = {
			isa = PBXVariantGroup;
			children = (
				18A78C5C1862C8B4008C2A6F /* Base */,
			);
			name = Main_iPad.storyboard;
			sourceTree = "<group>";
		};
		18A78C711862C8B4008C2A6F /* InfoPlist.strings */ = {
			isa = PBXVariantGroup;
			children = (
				18A78C721862C8B4008C2A6F /* en */,
			);
			name = InfoPlist.strings;
			sourceTree = "<group>";
		};
/* End PBXVariantGroup section */

/* Begin XCBuildConfiguration section */
		18A78C761862C8B4008C2A6F /* Debug */ = {
			isa = XCBuildConfiguration;
			buildSettings = {
				ALWAYS_SEARCH_USER_PATHS = NO;
				ARCHS = "$(ARCHS_STANDARD_INCLUDING_64_BIT)";
				CLANG_CXX_LANGUAGE_STANDARD = "gnu++0x";
				CLANG_CXX_LIBRARY = "libc++";
				CLANG_ENABLE_MODULES = YES;
				CLANG_ENABLE_OBJC_ARC = YES;
				CLANG_WARN_BOOL_CONVERSION = YES;
				CLANG_WARN_CONSTANT_CONVERSION = YES;
				CLANG_WARN_DIRECT_OBJC_ISA_USAGE = YES_ERROR;
				CLANG_WARN_EMPTY_BODY = YES;
				CLANG_WARN_ENUM_CONVERSION = YES;
				CLANG_WARN_INT_CONVERSION = YES;
				CLANG_WARN_OBJC_ROOT_CLASS = YES_ERROR;
				CLANG_WARN__DUPLICATE_METHOD_MATCH = YES;
				"CODE_SIGN_IDENTITY[sdk=iphoneos*]" = "iPhone Developer";
				COPY_PHASE_STRIP = NO;
				GCC_C_LANGUAGE_STANDARD = gnu99;
				GCC_DYNAMIC_NO_PIC = NO;
				GCC_OPTIMIZATION_LEVEL = 0;
				GCC_PREPROCESSOR_DEFINITIONS = (
					"DEBUG=1",
					"$(inherited)",
				);
				GCC_SYMBOLS_PRIVATE_EXTERN = NO;
				GCC_WARN_64_TO_32_BIT_CONVERSION = YES;
				GCC_WARN_ABOUT_RETURN_TYPE = YES_ERROR;
				GCC_WARN_UNDECLARED_SELECTOR = YES;
				GCC_WARN_UNINITIALIZED_AUTOS = YES;
				GCC_WARN_UNUSED_FUNCTION = YES;
				GCC_WARN_UNUSED_VARIABLE = YES;
				IPHONEOS_DEPLOYMENT_TARGET = 7.0;
				ONLY_ACTIVE_ARCH = YES;
				SDKROOT = iphoneos;
				TARGETED_DEVICE_FAMILY = "1,2";
			};
			name = Debug;
		};
		18A78C771862C8B4008C2A6F /* Release */ = {
			isa = XCBuildConfiguration;
			buildSettings = {
				ALWAYS_SEARCH_USER_PATHS = NO;
				ARCHS = "$(ARCHS_STANDARD_INCLUDING_64_BIT)";
				CLANG_CXX_LANGUAGE_STANDARD = "gnu++0x";
				CLANG_CXX_LIBRARY = "libc++";
				CLANG_ENABLE_MODULES = YES;
				CLANG_ENABLE_OBJC_ARC = YES;
				CLANG_WARN_BOOL_CONVERSION = YES;
				CLANG_WARN_CONSTANT_CONVERSION = YES;
				CLANG_WARN_DIRECT_OBJC_ISA_USAGE = YES_ERROR;
				CLANG_WARN_EMPTY_BODY = YES;
				CLANG_WARN_ENUM_CONVERSION = YES;
				CLANG_WARN_INT_CONVERSION = YES;
				CLANG_WARN_OBJC_ROOT_CLASS = YES_ERROR;
				CLANG_WARN__DUPLICATE_METHOD_MATCH = YES;
				"CODE_SIGN_IDENTITY[sdk=iphoneos*]" = "iPhone Developer";
				COPY_PHASE_STRIP = YES;
				ENABLE_NS_ASSERTIONS = NO;
				GCC_C_LANGUAGE_STANDARD = gnu99;
				GCC_WARN_64_TO_32_BIT_CONVERSION = YES;
				GCC_WARN_ABOUT_RETURN_TYPE = YES_ERROR;
				GCC_WARN_UNDECLARED_SELECTOR = YES;
				GCC_WARN_UNINITIALIZED_AUTOS = YES;
				GCC_WARN_UNUSED_FUNCTION = YES;
				GCC_WARN_UNUSED_VARIABLE = YES;
				IPHONEOS_DEPLOYMENT_TARGET = 7.0;
				SDKROOT = iphoneos;
				TARGETED_DEVICE_FAMILY = "1,2";
				VALIDATE_PRODUCT = YES;
			};
			name = Release;
		};
		18A78C791862C8B4008C2A6F /* Debug */ = {
			isa = XCBuildConfiguration;
			buildSettings = {
				ASSETCATALOG_COMPILER_APPICON_NAME = AppIcon;
				ASSETCATALOG_COMPILER_LAUNCHIMAGE_NAME = LaunchImage;
				GCC_PRECOMPILE_PREFIX_HEADER = YES;
				GCC_PREFIX_HEADER = "MovieApi/MovieApi-Prefix.pch";
				INFOPLIST_FILE = "MovieApi/MovieApi-Info.plist";
				PRODUCT_NAME = "$(TARGET_NAME)";
				WRAPPER_EXTENSION = app;
			};
			name = Debug;
		};
		18A78C7A1862C8B4008C2A6F /* Release */ = {
			isa = XCBuildConfiguration;
			buildSettings = {
				ASSETCATALOG_COMPILER_APPICON_NAME = AppIcon;
				ASSETCATALOG_COMPILER_LAUNCHIMAGE_NAME = LaunchImage;
				GCC_PRECOMPILE_PREFIX_HEADER = YES;
				GCC_PREFIX_HEADER = "MovieApi/MovieApi-Prefix.pch";
				INFOPLIST_FILE = "MovieApi/MovieApi-Info.plist";
				PRODUCT_NAME = "$(TARGET_NAME)";
				WRAPPER_EXTENSION = app;
			};
			name = Release;
		};
		18A78C7C1862C8B4008C2A6F /* Debug */ = {
			isa = XCBuildConfiguration;
			buildSettings = {
				ARCHS = "$(ARCHS_STANDARD_INCLUDING_64_BIT)";
				BUNDLE_LOADER = "$(BUILT_PRODUCTS_DIR)/MovieApi.app/MovieApi";
				FRAMEWORK_SEARCH_PATHS = (
					"$(SDKROOT)/Developer/Library/Frameworks",
					"$(inherited)",
					"$(DEVELOPER_FRAMEWORKS_DIR)",
				);
				GCC_PRECOMPILE_PREFIX_HEADER = YES;
				GCC_PREFIX_HEADER = "MovieApi/MovieApi-Prefix.pch";
				GCC_PREPROCESSOR_DEFINITIONS = (
					"DEBUG=1",
					"$(inherited)",
				);
				INFOPLIST_FILE = "MovieApiTests/MovieApiTests-Info.plist";
				PRODUCT_NAME = "$(TARGET_NAME)";
				TEST_HOST = "$(BUNDLE_LOADER)";
				WRAPPER_EXTENSION = xctest;
			};
			name = Debug;
		};
		18A78C7D1862C8B4008C2A6F /* Release */ = {
			isa = XCBuildConfiguration;
			buildSettings = {
				ARCHS = "$(ARCHS_STANDARD_INCLUDING_64_BIT)";
				BUNDLE_LOADER = "$(BUILT_PRODUCTS_DIR)/MovieApi.app/MovieApi";
				FRAMEWORK_SEARCH_PATHS = (
					"$(SDKROOT)/Developer/Library/Frameworks",
					"$(inherited)",
					"$(DEVELOPER_FRAMEWORKS_DIR)",
				);
				GCC_PRECOMPILE_PREFIX_HEADER = YES;
				GCC_PREFIX_HEADER = "MovieApi/MovieApi-Prefix.pch";
				INFOPLIST_FILE = "MovieApiTests/MovieApiTests-Info.plist";
				PRODUCT_NAME = "$(TARGET_NAME)";
				TEST_HOST = "$(BUNDLE_LOADER)";
				WRAPPER_EXTENSION = xctest;
			};
			name = Release;
		};
/* End XCBuildConfiguration section */

/* Begin XCConfigurationList section */
		18A78C3E1862C8B4008C2A6F /* Build configuration list for PBXProject "MovieApi" */ = {
			isa = XCConfigurationList;
			buildConfigurations = (
				18A78C761862C8B4008C2A6F /* Debug */,
				18A78C771862C8B4008C2A6F /* Release */,
			);
			defaultConfigurationIsVisible = 0;
			defaultConfigurationName = Release;
		};
		18A78C781862C8B4008C2A6F /* Build configuration list for PBXNativeTarget "MovieApi" */ = {
			isa = XCConfigurationList;
			buildConfigurations = (
				18A78C791862C8B4008C2A6F /* Debug */,
				18A78C7A1862C8B4008C2A6F /* Release */,
			);
			defaultConfigurationIsVisible = 0;
			defaultConfigurationName = Release;
		};
		18A78C7B1862C8B4008C2A6F /* Build configuration list for PBXNativeTarget "MovieApiTests" */ = {
			isa = XCConfigurationList;
			buildConfigurations = (
				18A78C7C1862C8B4008C2A6F /* Debug */,
				18A78C7D1862C8B4008C2A6F /* Release */,
			);
			defaultConfigurationIsVisible = 0;
			defaultConfigurationName = Release;
		};
/* End XCConfigurationList section */
	};
	rootObject = 18A78C3B1862C8B4008C2A6F /* Project object */;
}
